# THIS IS AN AUTOGENERATED FILE. DO NOT EDIT THIS FILE DIRECTLY.
# yarn lockfile v1


"axios@^0.19.2":
  "integrity" "sha512-fjgm5MvRHLhx+osE2xoekY70AhARk3a6hkN+3Io1jc00jtquGvxYlKlsFUhmUET0V5te6CcZI7lcv2Ym61mjHA=="
  "resolved" "https://registry.npmjs.org/axios/-/axios-0.19.2.tgz"
  "version" "0.19.2"
  dependencies:
    "follow-redirects" "1.5.10"

"axios@^0.21.1":
  "integrity" "sha512-dKQiRHxGD9PPRIUNIWvZhPTPpl1rf/OxTYKsqKUDjBwYylTvV7SjSHJb9ratfyzM6wCdLCOYLzs73qpg5c4iGA=="
  "resolved" "https://registry.npmjs.org/axios/-/axios-0.21.1.tgz"
  "version" "0.21.1"
  dependencies:
    "follow-redirects" "^1.10.0"

"bottleneck@^2.19.5":
  "integrity" "sha512-VHiNCbI1lKdl44tGrhNfU3lup0Tj/ZBMJB5/2ZbNXRCPuRCO7ed2mgcK4r17y+KB2EfuYuRaVlwNbAeaWGSpbw=="
  "resolved" "https://registry.npmjs.org/bottleneck/-/bottleneck-2.19.5.tgz"
  "version" "2.19.5"

"debug@=3.1.0":
  "integrity" "sha512-OX8XqP7/1a9cqkxYw2yXss15f26NKWBpDXQd0/uK/KPqdQhxbPa994hnzjcE2VqQpDslf55723cKPUOGSmMY3g=="
  "resolved" "https://registry.npmjs.org/debug/-/debug-3.1.0.tgz"
  "version" "3.1.0"
  dependencies:
    "ms" "2.0.0"

"follow-redirects@^1.10.0":
  "integrity" "sha512-HWqDgT7ZEkqRzBvc2s64vSZ/hfOceEol3ac/7tKwzuvEyWx3/4UegXh5oBOIotkGsObyk3xznnSRVADBgWSQVg=="
  "resolved" "https://registry.npmjs.org/follow-redirects/-/follow-redirects-1.14.1.tgz"
  "version" "1.14.1"

"follow-redirects@1.5.10":
  "integrity" "sha512-0V5l4Cizzvqt5D44aTXbFZz+FtyXV1vrDN6qrelxtfYQKW0KO0W2T/hkE8xvGa/540LkZlkaUjO4ailYTFtHVQ=="
  "resolved" "https://registry.npmjs.org/follow-redirects/-/follow-redirects-1.5.10.tgz"
  "version" "1.5.10"
  dependencies:
    "debug" "=3.1.0"

"is-plain-obj@^2.1.0":
  "integrity" "sha512-YWnfyRwxL/+SsrWYfOpUtz5b3YD+nyfkHvjbcanzk8zgyO4ASD67uVMRt8k5bM4lLMDnXfriRhOpemw+NfT1eA=="
  "resolved" "https://registry.npmjs.org/is-plain-obj/-/is-plain-obj-2.1.0.tgz"
  "version" "2.1.0"

"kitsu-core@^10.0.0-alpha.10":
  "integrity" "sha512-m4ueDD9Hi8I4RndxjiKtR2Q4s4NKiOPsoDcF0DhzRLrjBFsmCicOZPaMYq9q7xhE25uDkGlm5F2laluHSsF/Iw=="
  "resolved" "https://registry.npmjs.org/kitsu-core/-/kitsu-core-10.0.0-alpha.10.tgz"
  "version" "10.0.0-alpha.10"

"kitsu@^10.0.0-alpha.10":
  "integrity" "sha512-esBUnDBtARMj/j6N7gmFnADuUiKAcJRaDun2c7obAAAO88ysWmR78cnDepDF7jIgESeLW5INUyLrdu+tdwD4RA=="
  "resolved" "https://registry.npmjs.org/kitsu/-/kitsu-10.0.0-alpha.10.tgz"
  "version" "10.0.0-alpha.10"
  dependencies:
    "axios" "^0.21.1"
    "kitsu-core" "^10.0.0-alpha.10"
    "merge-options" "^3.0.0"
    "pluralize" "^8.0.0"

"merge-options@^3.0.0":
  "integrity" "sha512-2Sug1+knBjkaMsMgf1ctR1Ujx+Ayku4EdJN4Z+C2+JzoeF7A3OZ9KM2GY0CpQS51NR61LTurMJrRKPhSs3ZRTQ=="
  "resolved" "https://registry.npmjs.org/merge-options/-/merge-options-3.0.4.tgz"
  "version" "3.0.4"
  dependencies:
    "is-plain-obj" "^2.1.0"

"ms@2.0.0":
  "integrity" "sha1-VgiurfwAvmwpAd9fmGF4jeDVl8g="
  "resolved" "https://registry.npmjs.org/ms/-/ms-2.0.0.tgz"
  "version" "2.0.0"

"node-myanimelist@^3.0.4":
  "integrity" "sha512-6/yvQP35RqqdK0nL2TlbMGQpqz3MLHttQWZi03udJtGhvUfhKDt0Y8hL77SkSDbXUviO6AXnZhN4rK/vMkLvow=="
  "resolved" "https://registry.npmjs.org/node-myanimelist/-/node-myanimelist-3.0.4.tgz"
  "version" "3.0.4"
  dependencies:
    "axios" "^0.19.2"
    "url-join" "^4.0.1"

"pluralize@^8.0.0":
  "integrity" "sha512-Nc3IT5yHzflTfbjgqWcCPpo7DaKy4FnpB0l/zCAW0Tc7jxAiuqSxHasntB3D7887LSrA93kDJ9IXovxJYxyLCA=="
  "resolved" "https://registry.npmjs.org/pluralize/-/pluralize-8.0.0.tgz"
  "version" "8.0.0"

"url-join@^4.0.1":
  "integrity" "sha512-jk1+QP6ZJqyOiuEI9AEWQfju/nB2Pw466kbA0LEZljHwKeMgd9WrAEgEGxjPDD2+TNbbb37rTyhEfrCXfuKXnA=="
  "resolved" "https://registry.npmjs.org/url-join/-/url-join-4.0.1.tgz"
  "version" "4.0.1"
